{
  "object": {
    "pins": [
      {
        "package": "TextView",
        "repositoryURL": "https://github.com/kenmueller/TextView",
        "state": {
          "branch": null,
          "revision": "06e6939ae4da03565889928cca65647f05fd2d67",
          "version": "1.5.0"
        }
      }
    ]
  },
  "version": 1
}
